
Microsoft Visual Studio Solution File, Format Version 12.00
# Visual Studio Version 17
VisualStudioVersion = 17.14.37012.4
MinimumVisualStudioVersion = 10.0.40219.1
Project("{FAE04EC0-301F-11D3-BF4B-00C04F79EFBC}") = "SmartMoney", "SmartMoney\SmartMoney.csproj", "{A130BADE-373F-4353-897B-3611B69202AD}"
EndProject
Project("{FAE04EC0-301F-11D3-BF4B-00C04F79EFBC}") = "SmartMoney.Application", "SmartMoney.Application\SmartMoney.Application.csproj", "{54834D19-066E-4710-B630-DD21FCFBECDA}"
EndProject
Project("{FAE04EC0-301F-11D3-BF4B-00C04F79EFBC}") = "SmartMoney.Domain", "SmartMoney.Domain\SmartMoney.Domain.csproj", "{46DF865E-934B-44EE-BE01-745C798FA69C}"
EndProject
Project("{FAE04EC0-301F-11D3-BF4B-00C04F79EFBC}") = "SmartMoney.Infrastructure", "SmartMoney.Infrastructure\SmartMoney.Infrastructure.csproj", "{3C4B0D5E-470A-4382-A715-A5BAD9B2CAFC}"
EndProject
Project("{FAE04EC0-301F-11D3-BF4B-00C04F79EFBC}") = "SmartMoney.Job", "SmartMoney.Job\SmartMoney.Job.csproj", "{B11B4F10-B47A-44A4-A23C-BAE724B20262}"
EndProject
Project("{FAE04EC0-301F-11D3-BF4B-00C04F79EFBC}") = "SmartMoney.ExternalContext.Job", "SmartMoney.ExternalContext.Job\SmartMoney.ExternalContext.Job.csproj", "{E14E4BD9-B472-4159-B8D0-5D49F695C0B5}"
EndProject
Project("{FAE04EC0-301F-11D3-BF4B-00C04F79EFBC}") = "SmartMoney.Application.Tests", "SmartMoney.Application.Tests\SmartMoney.Application.Tests.csproj", "{60E8A4AB-6B0D-4CFF-83B3-F1AD48E74053}"
EndProject
Global
	GlobalSection(SolutionConfigurationPlatforms) = preSolution
		Debug|Any CPU = Debug|Any CPU
		Debug|x64 = Debug|x64
		Debug|x86 = Debug|x86
		Release|Any CPU = Release|Any CPU
		Release|x64 = Release|x64
		Release|x86 = Release|x86
	EndGlobalSection
	GlobalSection(ProjectConfigurationPlatforms) = postSolution
		{A130BADE-373F-4353-897B-3611B69202AD}.Debug|Any CPU.ActiveCfg = Debug|Any CPU
		{A130BADE-373F-4353-897B-3611B69202AD}.Debug|Any CPU.Build.0 = Debug|Any CPU
		{A130BADE-373F-4353-897B-3611B69202AD}.Debug|x64.ActiveCfg = Debug|Any CPU
		{A130BADE-373F-4353-897B-3611B69202AD}.Debug|x64.Build.0 = Debug|Any CPU
		{A130BADE-373F-4353-897B-3611B69202AD}.Debug|x86.ActiveCfg = Debug|Any CPU
		{A130BADE-373F-4353-897B-3611B69202AD}.Debug|x86.Build.0 = Debug|Any CPU
		{A130BADE-373F-4353-897B-3611B69202AD}.Release|Any CPU.ActiveCfg = Release|Any CPU
		{A130BADE-373F-4353-897B-3611B69202AD}.Release|Any CPU.Build.0 = Release|Any CPU
		{A130BADE-373F-4353-897B-3611B69202AD}.Release|x64.ActiveCfg = Release|Any CPU
		{A130BADE-373F-4353-897B-3611B69202AD}.Release|x64.Build.0 = Release|Any CPU
		{A130BADE-373F-4353-897B-3611B69202AD}.Release|x86.ActiveCfg = Release|Any CPU
		{A130BADE-373F-4353-897B-3611B69202AD}.Release|x86.Build.0 = Release|Any CPU
		{54834D19-066E-4710-B630-DD21FCFBECDA}.Debug|Any CPU.ActiveCfg = Debug|Any CPU
		{54834D19-066E-4710-B630-DD21FCFBECDA}.Debug|Any CPU.Build.0 = Debug|Any CPU
		{54834D19-066E-4710-B630-DD21FCFBECDA}.Debug|x64.ActiveCfg = Debug|Any CPU
		{54834D19-066E-4710-B630-DD21FCFBECDA}.Debug|x64.Build.0 = Debug|Any CPU
		{54834D19-066E-4710-B630-DD21FCFBECDA}.Debug|x86.ActiveCfg = Debug|Any CPU
		{54834D19-066E-4710-B630-DD21FCFBECDA}.Debug|x86.Build.0 = Debug|Any CPU
		{54834D19-066E-4710-B630-DD21FCFBECDA}.Release|Any CPU.ActiveCfg = Release|Any CPU
		{54834D19-066E-4710-B630-DD21FCFBECDA}.Release|Any CPU.Build.0 = Release|Any CPU
		{54834D19-066E-4710-B630-DD21FCFBECDA}.Release|x64.ActiveCfg = Release|Any CPU
		{54834D19-066E-4710-B630-DD21FCFBECDA}.Release|x64.Build.0 = Release|Any CPU
		{54834D19-066E-4710-B630-DD21FCFBECDA}.Release|x86.ActiveCfg = Release|Any CPU
		{54834D19-066E-4710-B630-DD21FCFBECDA}.Release|x86.Build.0 = Release|Any CPU
		{46DF865E-934B-44EE-BE01-745C798FA69C}.Debug|Any CPU.ActiveCfg = Debug|Any CPU
		{46DF865E-934B-44EE-BE01-745C798FA69C}.Debug|Any CPU.Build.0 = Debug|Any CPU
		{46DF865E-934B-44EE-BE01-745C798FA69C}.Debug|x64.ActiveCfg = Debug|Any CPU
		{46DF865E-934B-44EE-BE01-745C798FA69C}.Debug|x64.Build.0 = Debug|Any CPU
		{46DF865E-934B-44EE-BE01-745C798FA69C}.Debug|x86.ActiveCfg = Debug|Any CPU
		{46DF865E-934B-44EE-BE01-745C798FA69C}.Debug|x86.Build.0 = Debug|Any CPU
		{46DF865E-934B-44EE-BE01-745C798FA69C}.Release|Any CPU.ActiveCfg = Release|Any CPU
		{46DF865E-934B-44EE-BE01-745C798FA69C}.Release|Any CPU.Build.0 = Release|Any CPU
		{46DF865E-934B-44EE-BE01-745C798FA69C}.Release|x64.ActiveCfg = Release|Any CPU
		{46DF865E-934B-44EE-BE01-745C798FA69C}.Release|x64.Build.0 = Release|Any CPU
		{46DF865E-934B-44EE-BE01-745C798FA69C}.Release|x86.ActiveCfg = Release|Any CPU
		{46DF865E-934B-44EE-BE01-745C798FA69C}.Release|x86.Build.0 = Release|Any CPU
		{3C4B0D5E-470A-4382-A715-A5BAD9B2CAFC}.Debug|Any CPU.ActiveCfg = Debug|Any CPU
		{3C4B0D5E-470A-4382-A715-A5BAD9B2CAFC}.Debug|Any CPU.Build.0 = Debug|Any CPU
		{3C4B0D5E-470A-4382-A715-A5BAD9B2CAFC}.Debug|x64.ActiveCfg = Debug|Any CPU
		{3C4B0D5E-470A-4382-A715-A5BAD9B2CAFC}.Debug|x64.Build.0 = Debug|Any CPU
		{3C4B0D5E-470A-4382-A715-A5BAD9B2CAFC}.Debug|x86.ActiveCfg = Debug|Any CPU
		{3C4B0D5E-470A-4382-A715-A5BAD9B2CAFC}.Debug|x86.Build.0 = Debug|Any CPU
		{3C4B0D5E-470A-4382-A715-A5BAD9B2CAFC}.Release|Any CPU.ActiveCfg = Release|Any CPU
		{3C4B0D5E-470A-4382-A715-A5BAD9B2CAFC}.Release|Any CPU.Build.0 = Release|Any CPU
		{3C4B0D5E-470A-4382-A715-A5BAD9B2CAFC}.Release|x64.ActiveCfg = Release|Any CPU
		{3C4B0D5E-470A-4382-A715-A5BAD9B2CAFC}.Release|x64.Build.0 = Release|Any CPU
		{3C4B0D5E-470A-4382-A715-A5BAD9B2CAFC}.Release|x86.ActiveCfg = Release|Any CPU
		{3C4B0D5E-470A-4382-A715-A5BAD9B2CAFC}.Release|x86.Build.0 = Release|Any CPU
		{B11B4F10-B47A-44A4-A23C-BAE724B20262}.Debug|Any CPU.ActiveCfg = Debug|Any CPU
		{B11B4F10-B47A-44A4-A23C-BAE724B20262}.Debug|Any CPU.Build.0 = Debug|Any CPU
		{B11B4F10-B47A-44A4-A23C-BAE724B20262}.Debug|x64.ActiveCfg = Debug|Any CPU
		{B11B4F10-B47A-44A4-A23C-BAE724B20262}.Debug|x64.Build.0 = Debug|Any CPU
		{B11B4F10-B47A-44A4-A23C-BAE724B20262}.Debug|x86.ActiveCfg = Debug|Any CPU
		{B11B4F10-B47A-44A4-A23C-BAE724B20262}.Debug|x86.Build.0 = Debug|Any CPU
		{B11B4F10-B47A-44A4-A23C-BAE724B20262}.Release|Any CPU.ActiveCfg = Release|Any CPU
		{B11B4F10-B47A-44A4-A23C-BAE724B20262}.Release|Any CPU.Build.0 = Release|Any CPU
		{B11B4F10-B47A-44A4-A23C-BAE724B20262}.Release|x64.ActiveCfg = Release|Any CPU
		{B11B4F10-B47A-44A4-A23C-BAE724B20262}.Release|x64.Build.0 = Release|Any CPU
		{B11B4F10-B47A-44A4-A23C-BAE724B20262}.Release|x86.ActiveCfg = Release|Any CPU
		{B11B4F10-B47A-44A4-A23C-BAE724B20262}.Release|x86.Build.0 = Release|Any CPU
		{E14E4BD9-B472-4159-B8D0-5D49F695C0B5}.Debug|Any CPU.ActiveCfg = Debug|Any CPU
		{E14E4BD9-B472-4159-B8D0-5D49F695C0B5}.Debug|Any CPU.Build.0 = Debug|Any CPU
		{E14E4BD9-B472-4159-B8D0-5D49F695C0B5}.Debug|x64.ActiveCfg = Debug|Any CPU
		{E14E4BD9-B472-4159-B8D0-5D49F695C0B5}.Debug|x64.Build.0 = Debug|Any CPU
		{E14E4BD9-B472-4159-B8D0-5D49F695C0B5}.Debug|x86.ActiveCfg = Debug|Any CPU
		{E14E4BD9-B472-4159-B8D0-5D49F695C0B5}.Debug|x86.Build.0 = Debug|Any CPU
		{E14E4BD9-B472-4159-B8D0-5D49F695C0B5}.Release|Any CPU.ActiveCfg = Release|Any CPU
		{E14E4BD9-B472-4159-B8D0-5D49F695C0B5}.Release|Any CPU.Build.0 = Release|Any CPU
		{E14E4BD9-B472-4159-B8D0-5D49F695C0B5}.Release|x64.ActiveCfg = Release|Any CPU
		{E14E4BD9-B472-4159-B8D0-5D49F695C0B5}.Release|x64.Build.0 = Release|Any CPU
		{E14E4BD9-B472-4159-B8D0-5D49F695C0B5}.Release|x86.ActiveCfg = Release|Any CPU
		{E14E4BD9-B472-4159-B8D0-5D49F695C0B5}.Release|x86.Build.0 = Release|Any CPU
		{60E8A4AB-6B0D-4CFF-83B3-F1AD48E74053}.Debug|Any CPU.ActiveCfg = Debug|Any CPU
		{60E8A4AB-6B0D-4CFF-83B3-F1AD48E74053}.Debug|Any CPU.Build.0 = Debug|Any CPU
		{60E8A4AB-6B0D-4CFF-83B3-F1AD48E74053}.Debug|x64.ActiveCfg = Debug|Any CPU
		{60E8A4AB-6B0D-4CFF-83B3-F1AD48E74053}.Debug|x64.Build.0 = Debug|Any CPU
		{60E8A4AB-6B0D-4CFF-83B3-F1AD48E74053}.Debug|x86.ActiveCfg = Debug|Any CPU
		{60E8A4AB-6B0D-4CFF-83B3-F1AD48E74053}.Debug|x86.Build.0 = Debug|Any CPU
		{60E8A4AB-6B0D-4CFF-83B3-F1AD48E74053}.Release|Any CPU.ActiveCfg = Release|Any CPU
		{60E8A4AB-6B0D-4CFF-83B3-F1AD48E74053}.Release|Any CPU.Build.0 = Release|Any CPU
		{60E8A4AB-6B0D-4CFF-83B3-F1AD48E74053}.Release|x64.ActiveCfg = Release|Any CPU
		{60E8A4AB-6B0D-4CFF-83B3-F1AD48E74053}.Release|x64.Build.0 = Release|Any CPU
		{60E8A4AB-6B0D-4CFF-83B3-F1AD48E74053}.Release|x86.ActiveCfg = Release|Any CPU
		{60E8A4AB-6B0D-4CFF-83B3-F1AD48E74053}.Release|x86.Build.0 = Release|Any CPU
	EndGlobalSection
	GlobalSection(SolutionProperties) = preSolution
		HideSolutionNode = FALSE
	EndGlobalSection
	GlobalSection(ExtensibilityGlobals) = postSolution
		SolutionGuid = {69894096-1F46-42CB-8CFD-B3097E153D69}
	EndGlobalSection
EndGlobal
